<?xml version="1.0" encoding="UTF-8" standalone="yes" ?>
<CodeBlocks_project_file>
	<FileVersion major="1" minor="6" />
	<Project>
		<Option title="Physics_App" />
		<Option pch_mode="2" />
		<Option compiler="msys2_gnu_gcc_compiler" />
		<Build>
			<Target title="Release">
				<Option output="Physics_App.exe" prefix_auto="0" extension_auto="0" />
				<Option object_output="obj/Release" />
				<Option type="1" />
				<Option compiler="msys2_gnu_gcc_compiler" />
				<Compiler>
					<Add option="-Wno-write-strings" />
					<Add directory="E:/msys2/mingw64/include/bullet" />
				</Compiler>
				<Linker>
					<Add option="-s" />
					<Add library="glew32" />
					<Add library="glfw3" />
					<Add library="opengl32" />
					<Add library="libBulletDynamics" />
					<Add library="libBulletCollision" />
					<Add library="libLinearMath" />
				</Linker>
			</Target>
		</Build>
		<Unit filename="BulletBody.cpp" />
		<Unit filename="BulletSphere.cpp" />
		<Unit filename="BulletWorld.cpp" />
		<Unit filename="PT3.cpp" />
		<Unit filename="include/BLCamera.h" />
		<Unit filename="include/BulletBody.h" />
		<Unit filename="include/BulletSphere.h" />
		<Unit filename="include/BulletWorld.h" />
		<Unit filename="include/CubeGeometry.h" />
		<Unit filename="include/Mesh.h" />
		<Unit filename="include/PhysicsDemo.h" />
		<Unit filename="include/PhysicsObject.h" />
		<Unit filename="include/PlaneGeomtery.h" />
		<Unit filename="include/ShaderLoader.h" />
		<Unit filename="include/TriangleMesh.h" />
		<Unit filename="include/UVSphereGeometry.h" />
		<Unit filename="include/World.h" />
		<Extensions>
			<code_completion />
			<envvars />
			<debugger />
		</Extensions>
	</Project>
</CodeBlocks_project_file>
